// !$*UTF8*$!
{
	archiveVersion = 1;
	classes = {
	};
	objectVersion = 52;
	objects = {

/* Begin PBXBuildFile section */
		0F1D7DF62777B7FF0080E90E /* DetailViewController.swift in Sources */ = {isa = PBXBuildFile; fileRef = 0F1D7DF52777B7FF0080E90E /* DetailViewController.swift */; };
		0F1D7DF82777B8290080E90E /* DetailViewController.xib in Resources */ = {isa = PBXBuildFile; fileRef = 0F1D7DF72777B8290080E90E /* DetailViewController.xib */; };
		0F1D7DFD277966080080E90E /* DetailViewConstants.swift in Sources */ = {isa = PBXBuildFile; fileRef = 0F1D7DFC277966080080E90E /* DetailViewConstants.swift */; };
		2292F3CC27833F5300389B6C /* DogDetailDelegate.swift in Sources */ = {isa = PBXBuildFile; fileRef = 2292F3CB27833F5300389B6C /* DogDetailDelegate.swift */; };
		2292F3CE2783419500389B6C /* DogDetailDataSource.swift in Sources */ = {isa = PBXBuildFile; fileRef = 2292F3CD2783419500389B6C /* DogDetailDataSource.swift */; };
		2297B7FD27750220003529DC /* Alamofire in Frameworks */ = {isa = PBXBuildFile; productRef = 2297B7FC27750220003529DC /* Alamofire */; };
		2297B7FF27750241003529DC /* ExternalService.swift in Sources */ = {isa = PBXBuildFile; fileRef = 2297B7FE27750241003529DC /* ExternalService.swift */; };
		2297B80227750670003529DC /* DogListViewModel.swift in Sources */ = {isa = PBXBuildFile; fileRef = 2297B80127750670003529DC /* DogListViewModel.swift */; };
		22A5FBC42774ADEA00FA3779 /* AppDelegate.swift in Sources */ = {isa = PBXBuildFile; fileRef = 22A5FBC32774ADEA00FA3779 /* AppDelegate.swift */; };
		22A5FBC62774ADEA00FA3779 /* SceneDelegate.swift in Sources */ = {isa = PBXBuildFile; fileRef = 22A5FBC52774ADEA00FA3779 /* SceneDelegate.swift */; };
		22A5FBCD2774ADEC00FA3779 /* Assets.xcassets in Resources */ = {isa = PBXBuildFile; fileRef = 22A5FBCC2774ADEC00FA3779 /* Assets.xcassets */; };
		22A5FBD02774ADEC00FA3779 /* LaunchScreen.storyboard in Resources */ = {isa = PBXBuildFile; fileRef = 22A5FBCE2774ADEC00FA3779 /* LaunchScreen.storyboard */; };
		22A5FBE62774ADEC00FA3779 /* Dog_CEO_ChallengeUITests.swift in Sources */ = {isa = PBXBuildFile; fileRef = 22A5FBE52774ADEC00FA3779 /* Dog_CEO_ChallengeUITests.swift */; };
		22A5FBFB2774B8F600FA3779 /* DogListViewController.swift in Sources */ = {isa = PBXBuildFile; fileRef = 22A5FBFA2774B8F600FA3779 /* DogListViewController.swift */; };
		22A5FBFD2774B94E00FA3779 /* DogListViewController.xib in Resources */ = {isa = PBXBuildFile; fileRef = 22A5FBFC2774B94E00FA3779 /* DogListViewController.xib */; };
		22A5FC002774CD6600FA3779 /* Endpoints.swift in Sources */ = {isa = PBXBuildFile; fileRef = 22A5FBFF2774CD6600FA3779 /* Endpoints.swift */; };
		22A5FC032774D22E00FA3779 /* DogModel.swift in Sources */ = {isa = PBXBuildFile; fileRef = 22A5FC022774D22E00FA3779 /* DogModel.swift */; };
		22A5FC052774D7A700FA3779 /* DogListViewController+Extension.swift in Sources */ = {isa = PBXBuildFile; fileRef = 22A5FC042774D7A700FA3779 /* DogListViewController+Extension.swift */; };
		22A5FC082774D92F00FA3779 /* DogListViewControllerConstants.swift in Sources */ = {isa = PBXBuildFile; fileRef = 22A5FC072774D92F00FA3779 /* DogListViewControllerConstants.swift */; };
		22A5FC0C2774DDB300FA3779 /* DogListTableViewCell.xib in Resources */ = {isa = PBXBuildFile; fileRef = 22A5FC0B2774DDB300FA3779 /* DogListTableViewCell.xib */; };
		22A5FC0E2774DE4E00FA3779 /* DogListTableViewCell.swift in Sources */ = {isa = PBXBuildFile; fileRef = 22A5FC0D2774DE4E00FA3779 /* DogListTableViewCell.swift */; };
		22F71B4F2779F5F500D87797 /* DetailViewModel.swift in Sources */ = {isa = PBXBuildFile; fileRef = 22F71B4E2779F5F500D87797 /* DetailViewModel.swift */; };
		22F71B512779F72500D87797 /* DetailViewCell.xib in Resources */ = {isa = PBXBuildFile; fileRef = 22F71B502779F72500D87797 /* DetailViewCell.xib */; };
		22F71B532779F73C00D87797 /* DetailViewCell.swift in Sources */ = {isa = PBXBuildFile; fileRef = 22F71B522779F73C00D87797 /* DetailViewCell.swift */; };
		22F71B552779F8F500D87797 /* DetailViewController+Extension.swift in Sources */ = {isa = PBXBuildFile; fileRef = 22F71B542779F8F500D87797 /* DetailViewController+Extension.swift */; };
		22F71B58277A03AA00D87797 /* UIImageView+Extension.swift in Sources */ = {isa = PBXBuildFile; fileRef = 22F71B57277A03AA00D87797 /* UIImageView+Extension.swift */; };
		22F71B5C277A0B3100D87797 /* DogListViewModelTest.swift in Sources */ = {isa = PBXBuildFile; fileRef = 22F71B5B277A0B3100D87797 /* DogListViewModelTest.swift */; };
		22F71B5F277A0C3200D87797 /* StubData.swift in Sources */ = {isa = PBXBuildFile; fileRef = 22F71B5E277A0C3200D87797 /* StubData.swift */; };
		22F71B63277A4E0F00D87797 /* DetailViewModelTest.swift in Sources */ = {isa = PBXBuildFile; fileRef = 22F71B62277A4E0F00D87797 /* DetailViewModelTest.swift */; };
		22F71B71277B50AB00D87797 /* DogCeoUseCases.swift in Sources */ = {isa = PBXBuildFile; fileRef = 22F71B70277B50AB00D87797 /* DogCeoUseCases.swift */; };
		22F71B73277B75B900D87797 /* DogList.swift in Sources */ = {isa = PBXBuildFile; fileRef = 22F71B72277B75B900D87797 /* DogList.swift */; };
		22F71B75277B763900D87797 /* DogsRepository.swift in Sources */ = {isa = PBXBuildFile; fileRef = 22F71B74277B763900D87797 /* DogsRepository.swift */; };
		22F71B77277B768600D87797 /* ErrorModel.swift in Sources */ = {isa = PBXBuildFile; fileRef = 22F71B76277B768600D87797 /* ErrorModel.swift */; };
		22F71B79277B799000D87797 /* DogsRestApi.swift in Sources */ = {isa = PBXBuildFile; fileRef = 22F71B78277B799000D87797 /* DogsRestApi.swift */; };
		22F71B7B277B79F400D87797 /* DogsAlamofireRestApi.swift in Sources */ = {isa = PBXBuildFile; fileRef = 22F71B7A277B79F400D87797 /* DogsAlamofireRestApi.swift */; };
		22F71B7D277B830F00D87797 /* DogNamesViewModel.swift in Sources */ = {isa = PBXBuildFile; fileRef = 22F71B7C277B830F00D87797 /* DogNamesViewModel.swift */; };
		22F71B7F277BAEEB00D87797 /* DogsApiRepository.swift in Sources */ = {isa = PBXBuildFile; fileRef = 22F71B7E277BAEEB00D87797 /* DogsApiRepository.swift */; };
		22F71B83277C925700D87797 /* DogNamesViewModelMapper.swift in Sources */ = {isa = PBXBuildFile; fileRef = 22F71B82277C925600D87797 /* DogNamesViewModelMapper.swift */; };
		22F71B85277C947900D87797 /* Mapper.swift in Sources */ = {isa = PBXBuildFile; fileRef = 22F71B84277C947900D87797 /* Mapper.swift */; };
		22F71B87277C9C1E00D87797 /* DogCeoServiceLocator.swift in Sources */ = {isa = PBXBuildFile; fileRef = 22F71B86277C9C1E00D87797 /* DogCeoServiceLocator.swift */; };
		22F71B8A277CEBD500D87797 /* DogListDataSource.swift in Sources */ = {isa = PBXBuildFile; fileRef = 22F71B89277CEBD500D87797 /* DogListDataSource.swift */; };
		22F71B8C277CEBE300D87797 /* DogListDelegate.swift in Sources */ = {isa = PBXBuildFile; fileRef = 22F71B8B277CEBE300D87797 /* DogListDelegate.swift */; };
		22F71B8E277CF2A800D87797 /* DogListViewProtocol.swift in Sources */ = {isa = PBXBuildFile; fileRef = 22F71B8D277CF2A800D87797 /* DogListViewProtocol.swift */; };
		22F71B90277DDB8100D87797 /* DogListPresenter.swift in Sources */ = {isa = PBXBuildFile; fileRef = 22F71B8F277DDB8100D87797 /* DogListPresenter.swift */; };
		22F71B92277DE60800D87797 /* DogListPresenterProtocol.swift in Sources */ = {isa = PBXBuildFile; fileRef = 22F71B91277DE60800D87797 /* DogListPresenterProtocol.swift */; };
		22F71B95278320E600D87797 /* DogCeoDetailUseCases.swift in Sources */ = {isa = PBXBuildFile; fileRef = 22F71B94278320E500D87797 /* DogCeoDetailUseCases.swift */; };
		22F71B97278321F000D87797 /* DogDetail.swift in Sources */ = {isa = PBXBuildFile; fileRef = 22F71B96278321F000D87797 /* DogDetail.swift */; };
		22F71B992783257B00D87797 /* DogImagesViewModel.swift in Sources */ = {isa = PBXBuildFile; fileRef = 22F71B982783257B00D87797 /* DogImagesViewModel.swift */; };
		22F71B9C278326BC00D87797 /* DogImagesViewModelMapper.swift in Sources */ = {isa = PBXBuildFile; fileRef = 22F71B9B278326BC00D87797 /* DogImagesViewModelMapper.swift */; };
		22F71B9F278329AA00D87797 /* DogDetailPresenterProtocol.swift in Sources */ = {isa = PBXBuildFile; fileRef = 22F71B9E278329A900D87797 /* DogDetailPresenterProtocol.swift */; };
		22F71BA127832A5000D87797 /* DogDetailPresenter.swift in Sources */ = {isa = PBXBuildFile; fileRef = 22F71BA027832A5000D87797 /* DogDetailPresenter.swift */; };
		22F71BA327832C5700D87797 /* DogDetailViewProtocol.swift in Sources */ = {isa = PBXBuildFile; fileRef = 22F71BA227832C5700D87797 /* DogDetailViewProtocol.swift */; };
/* End PBXBuildFile section */

/* Begin PBXContainerItemProxy section */
		22A5FBD72774ADEC00FA3779 /* PBXContainerItemProxy */ = {
			isa = PBXContainerItemProxy;
			containerPortal = 22A5FBB82774ADEA00FA3779 /* Project object */;
			proxyType = 1;
			remoteGlobalIDString = 22A5FBBF2774ADEA00FA3779;
			remoteInfo = "Dog-CEO_Challenge";
		};
		22A5FBE22774ADEC00FA3779 /* PBXContainerItemProxy */ = {
			isa = PBXContainerItemProxy;
			containerPortal = 22A5FBB82774ADEA00FA3779 /* Project object */;
			proxyType = 1;
			remoteGlobalIDString = 22A5FBBF2774ADEA00FA3779;
			remoteInfo = "Dog-CEO_Challenge";
		};
/* End PBXContainerItemProxy section */

/* Begin PBXFileReference section */
		0F1D7DF52777B7FF0080E90E /* DetailViewController.swift */ = {isa = PBXFileReference; lastKnownFileType = sourcecode.swift; path = DetailViewController.swift; sourceTree = "<group>"; };
		0F1D7DF72777B8290080E90E /* DetailViewController.xib */ = {isa = PBXFileReference; lastKnownFileType = file.xib; path = DetailViewController.xib; sourceTree = "<group>"; };
		0F1D7DFC277966080080E90E /* DetailViewConstants.swift */ = {isa = PBXFileReference; lastKnownFileType = sourcecode.swift; path = DetailViewConstants.swift; sourceTree = "<group>"; };
		2292F3CB27833F5300389B6C /* DogDetailDelegate.swift */ = {isa = PBXFileReference; lastKnownFileType = sourcecode.swift; path = DogDetailDelegate.swift; sourceTree = "<group>"; };
		2292F3CD2783419500389B6C /* DogDetailDataSource.swift */ = {isa = PBXFileReference; lastKnownFileType = sourcecode.swift; path = DogDetailDataSource.swift; sourceTree = "<group>"; };
		2297B7FE27750241003529DC /* ExternalService.swift */ = {isa = PBXFileReference; lastKnownFileType = sourcecode.swift; path = ExternalService.swift; sourceTree = "<group>"; };
		2297B80127750670003529DC /* DogListViewModel.swift */ = {isa = PBXFileReference; lastKnownFileType = sourcecode.swift; path = DogListViewModel.swift; sourceTree = "<group>"; };
		22A5FBC02774ADEA00FA3779 /* Dog-CEO_Challenge.app */ = {isa = PBXFileReference; explicitFileType = wrapper.application; includeInIndex = 0; path = "Dog-CEO_Challenge.app"; sourceTree = BUILT_PRODUCTS_DIR; };
		22A5FBC32774ADEA00FA3779 /* AppDelegate.swift */ = {isa = PBXFileReference; lastKnownFileType = sourcecode.swift; path = AppDelegate.swift; sourceTree = "<group>"; };
		22A5FBC52774ADEA00FA3779 /* SceneDelegate.swift */ = {isa = PBXFileReference; lastKnownFileType = sourcecode.swift; path = SceneDelegate.swift; sourceTree = "<group>"; };
		22A5FBCC2774ADEC00FA3779 /* Assets.xcassets */ = {isa = PBXFileReference; lastKnownFileType = folder.assetcatalog; path = Assets.xcassets; sourceTree = "<group>"; };
		22A5FBCF2774ADEC00FA3779 /* Base */ = {isa = PBXFileReference; lastKnownFileType = file.storyboard; name = Base; path = Base.lproj/LaunchScreen.storyboard; sourceTree = "<group>"; };
		22A5FBD12774ADEC00FA3779 /* Info.plist */ = {isa = PBXFileReference; lastKnownFileType = text.plist.xml; path = Info.plist; sourceTree = "<group>"; };
		22A5FBD62774ADEC00FA3779 /* Dog-CEO_ChallengeTests.xctest */ = {isa = PBXFileReference; explicitFileType = wrapper.cfbundle; includeInIndex = 0; path = "Dog-CEO_ChallengeTests.xctest"; sourceTree = BUILT_PRODUCTS_DIR; };
		22A5FBDC2774ADEC00FA3779 /* Info.plist */ = {isa = PBXFileReference; lastKnownFileType = text.plist.xml; path = Info.plist; sourceTree = "<group>"; };
		22A5FBE12774ADEC00FA3779 /* Dog-CEO_ChallengeUITests.xctest */ = {isa = PBXFileReference; explicitFileType = wrapper.cfbundle; includeInIndex = 0; path = "Dog-CEO_ChallengeUITests.xctest"; sourceTree = BUILT_PRODUCTS_DIR; };
		22A5FBE52774ADEC00FA3779 /* Dog_CEO_ChallengeUITests.swift */ = {isa = PBXFileReference; lastKnownFileType = sourcecode.swift; path = Dog_CEO_ChallengeUITests.swift; sourceTree = "<group>"; };
		22A5FBE72774ADEC00FA3779 /* Info.plist */ = {isa = PBXFileReference; lastKnownFileType = text.plist.xml; path = Info.plist; sourceTree = "<group>"; };
		22A5FBFA2774B8F600FA3779 /* DogListViewController.swift */ = {isa = PBXFileReference; lastKnownFileType = sourcecode.swift; path = DogListViewController.swift; sourceTree = "<group>"; };
		22A5FBFC2774B94E00FA3779 /* DogListViewController.xib */ = {isa = PBXFileReference; lastKnownFileType = file.xib; path = DogListViewController.xib; sourceTree = "<group>"; };
		22A5FBFF2774CD6600FA3779 /* Endpoints.swift */ = {isa = PBXFileReference; lastKnownFileType = sourcecode.swift; path = Endpoints.swift; sourceTree = "<group>"; };
		22A5FC022774D22E00FA3779 /* DogModel.swift */ = {isa = PBXFileReference; lastKnownFileType = sourcecode.swift; path = DogModel.swift; sourceTree = "<group>"; };
		22A5FC042774D7A700FA3779 /* DogListViewController+Extension.swift */ = {isa = PBXFileReference; lastKnownFileType = sourcecode.swift; path = "DogListViewController+Extension.swift"; sourceTree = "<group>"; };
		22A5FC072774D92F00FA3779 /* DogListViewControllerConstants.swift */ = {isa = PBXFileReference; lastKnownFileType = sourcecode.swift; path = DogListViewControllerConstants.swift; sourceTree = "<group>"; };
		22A5FC0B2774DDB300FA3779 /* DogListTableViewCell.xib */ = {isa = PBXFileReference; lastKnownFileType = file.xib; path = DogListTableViewCell.xib; sourceTree = "<group>"; };
		22A5FC0D2774DE4E00FA3779 /* DogListTableViewCell.swift */ = {isa = PBXFileReference; lastKnownFileType = sourcecode.swift; path = DogListTableViewCell.swift; sourceTree = "<group>"; };
		22F71B4E2779F5F500D87797 /* DetailViewModel.swift */ = {isa = PBXFileReference; lastKnownFileType = sourcecode.swift; path = DetailViewModel.swift; sourceTree = "<group>"; };
		22F71B502779F72500D87797 /* DetailViewCell.xib */ = {isa = PBXFileReference; lastKnownFileType = file.xib; path = DetailViewCell.xib; sourceTree = "<group>"; };
		22F71B522779F73C00D87797 /* DetailViewCell.swift */ = {isa = PBXFileReference; lastKnownFileType = sourcecode.swift; path = DetailViewCell.swift; sourceTree = "<group>"; };
		22F71B542779F8F500D87797 /* DetailViewController+Extension.swift */ = {isa = PBXFileReference; lastKnownFileType = sourcecode.swift; path = "DetailViewController+Extension.swift"; sourceTree = "<group>"; };
		22F71B57277A03AA00D87797 /* UIImageView+Extension.swift */ = {isa = PBXFileReference; lastKnownFileType = sourcecode.swift; path = "UIImageView+Extension.swift"; sourceTree = "<group>"; };
		22F71B5B277A0B3100D87797 /* DogListViewModelTest.swift */ = {isa = PBXFileReference; lastKnownFileType = sourcecode.swift; path = DogListViewModelTest.swift; sourceTree = "<group>"; };
		22F71B5E277A0C3200D87797 /* StubData.swift */ = {isa = PBXFileReference; lastKnownFileType = sourcecode.swift; path = StubData.swift; sourceTree = "<group>"; };
		22F71B62277A4E0F00D87797 /* DetailViewModelTest.swift */ = {isa = PBXFileReference; lastKnownFileType = sourcecode.swift; path = DetailViewModelTest.swift; sourceTree = "<group>"; };
		22F71B70277B50AB00D87797 /* DogCeoUseCases.swift */ = {isa = PBXFileReference; lastKnownFileType = sourcecode.swift; path = DogCeoUseCases.swift; sourceTree = "<group>"; };
		22F71B72277B75B900D87797 /* DogList.swift */ = {isa = PBXFileReference; lastKnownFileType = sourcecode.swift; path = DogList.swift; sourceTree = "<group>"; };
		22F71B74277B763900D87797 /* DogsRepository.swift */ = {isa = PBXFileReference; lastKnownFileType = sourcecode.swift; path = DogsRepository.swift; sourceTree = "<group>"; };
		22F71B76277B768600D87797 /* ErrorModel.swift */ = {isa = PBXFileReference; lastKnownFileType = sourcecode.swift; path = ErrorModel.swift; sourceTree = "<group>"; };
		22F71B78277B799000D87797 /* DogsRestApi.swift */ = {isa = PBXFileReference; lastKnownFileType = sourcecode.swift; path = DogsRestApi.swift; sourceTree = "<group>"; };
		22F71B7A277B79F400D87797 /* DogsAlamofireRestApi.swift */ = {isa = PBXFileReference; lastKnownFileType = sourcecode.swift; path = DogsAlamofireRestApi.swift; sourceTree = "<group>"; };
		22F71B7C277B830F00D87797 /* DogNamesViewModel.swift */ = {isa = PBXFileReference; lastKnownFileType = sourcecode.swift; path = DogNamesViewModel.swift; sourceTree = "<group>"; };
		22F71B7E277BAEEB00D87797 /* DogsApiRepository.swift */ = {isa = PBXFileReference; lastKnownFileType = sourcecode.swift; path = DogsApiRepository.swift; sourceTree = "<group>"; };
		22F71B82277C925600D87797 /* DogNamesViewModelMapper.swift */ = {isa = PBXFileReference; lastKnownFileType = sourcecode.swift; path = DogNamesViewModelMapper.swift; sourceTree = "<group>"; };
		22F71B84277C947900D87797 /* Mapper.swift */ = {isa = PBXFileReference; lastKnownFileType = sourcecode.swift; path = Mapper.swift; sourceTree = "<group>"; };
		22F71B86277C9C1E00D87797 /* DogCeoServiceLocator.swift */ = {isa = PBXFileReference; lastKnownFileType = sourcecode.swift; path = DogCeoServiceLocator.swift; sourceTree = "<group>"; };
		22F71B89277CEBD500D87797 /* DogListDataSource.swift */ = {isa = PBXFileReference; lastKnownFileType = sourcecode.swift; path = DogListDataSource.swift; sourceTree = "<group>"; };
		22F71B8B277CEBE300D87797 /* DogListDelegate.swift */ = {isa = PBXFileReference; lastKnownFileType = sourcecode.swift; path = DogListDelegate.swift; sourceTree = "<group>"; };
		22F71B8D277CF2A800D87797 /* DogListViewProtocol.swift */ = {isa = PBXFileReference; lastKnownFileType = sourcecode.swift; path = DogListViewProtocol.swift; sourceTree = "<group>"; };
		22F71B8F277DDB8100D87797 /* DogListPresenter.swift */ = {isa = PBXFileReference; lastKnownFileType = sourcecode.swift; path = DogListPresenter.swift; sourceTree = "<group>"; };
		22F71B91277DE60800D87797 /* DogListPresenterProtocol.swift */ = {isa = PBXFileReference; lastKnownFileType = sourcecode.swift; path = DogListPresenterProtocol.swift; sourceTree = "<group>"; };
		22F71B94278320E500D87797 /* DogCeoDetailUseCases.swift */ = {isa = PBXFileReference; lastKnownFileType = sourcecode.swift; path = DogCeoDetailUseCases.swift; sourceTree = "<group>"; };
		22F71B96278321F000D87797 /* DogDetail.swift */ = {isa = PBXFileReference; lastKnownFileType = sourcecode.swift; path = DogDetail.swift; sourceTree = "<group>"; };
		22F71B982783257B00D87797 /* DogImagesViewModel.swift */ = {isa = PBXFileReference; lastKnownFileType = sourcecode.swift; path = DogImagesViewModel.swift; sourceTree = "<group>"; };
		22F71B9B278326BC00D87797 /* DogImagesViewModelMapper.swift */ = {isa = PBXFileReference; lastKnownFileType = sourcecode.swift; path = DogImagesViewModelMapper.swift; sourceTree = "<group>"; };
		22F71B9E278329A900D87797 /* DogDetailPresenterProtocol.swift */ = {isa = PBXFileReference; lastKnownFileType = sourcecode.swift; path = DogDetailPresenterProtocol.swift; sourceTree = "<group>"; };
		22F71BA027832A5000D87797 /* DogDetailPresenter.swift */ = {isa = PBXFileReference; lastKnownFileType = sourcecode.swift; path = DogDetailPresenter.swift; sourceTree = "<group>"; };
		22F71BA227832C5700D87797 /* DogDetailViewProtocol.swift */ = {isa = PBXFileReference; lastKnownFileType = sourcecode.swift; path = DogDetailViewProtocol.swift; sourceTree = "<group>"; };
/* End PBXFileReference section */

/* Begin PBXFrameworksBuildPhase section */
		22A5FBBD2774ADEA00FA3779 /* Frameworks */ = {
			isa = PBXFrameworksBuildPhase;
			buildActionMask = 2147483647;
			files = (
				2297B7FD27750220003529DC /* Alamofire in Frameworks */,
			);
			runOnlyForDeploymentPostprocessing = 0;
		};
		22A5FBD32774ADEC00FA3779 /* Frameworks */ = {
			isa = PBXFrameworksBuildPhase;
			buildActionMask = 2147483647;
			files = (
			);
			runOnlyForDeploymentPostprocessing = 0;
		};
		22A5FBDE2774ADEC00FA3779 /* Frameworks */ = {
			isa = PBXFrameworksBuildPhase;
			buildActionMask = 2147483647;
			files = (
			);
			runOnlyForDeploymentPostprocessing = 0;
		};
/* End PBXFrameworksBuildPhase section */

/* Begin PBXGroup section */
		0F1D7DF42777B7DF0080E90E /* DogDetail */ = {
			isa = PBXGroup;
			children = (
				22F71B4D2779F59900D87797 /* ViewModel */,
			);
			path = DogDetail;
			sourceTree = "<group>";
		};
		0F1D7DF9277965D80080E90E /* Constants */ = {
			isa = PBXGroup;
			children = (
				0F1D7DFC277966080080E90E /* DetailViewConstants.swift */,
			);
			path = Constants;
			sourceTree = "<group>";
		};
		2297B7FA2774FF73003529DC /* Network_UseCase */ = {
			isa = PBXGroup;
			children = (
				2297B7FE27750241003529DC /* ExternalService.swift */,
			);
			path = Network_UseCase;
			sourceTree = "<group>";
		};
		2297B8002775064D003529DC /* ViewModel */ = {
			isa = PBXGroup;
			children = (
				2297B80127750670003529DC /* DogListViewModel.swift */,
			);
			path = ViewModel;
			sourceTree = "<group>";
		};
		22A5FBB72774ADEA00FA3779 = {
			isa = PBXGroup;
			children = (
				22A5FBC22774ADEA00FA3779 /* Dog-CEO_Challenge */,
				22A5FBD92774ADEC00FA3779 /* Dog-CEO_ChallengeTests */,
				22A5FBE42774ADEC00FA3779 /* Dog-CEO_ChallengeUITests */,
				22A5FBC12774ADEA00FA3779 /* Products */,
			);
			sourceTree = "<group>";
		};
		22A5FBC12774ADEA00FA3779 /* Products */ = {
			isa = PBXGroup;
			children = (
				22A5FBC02774ADEA00FA3779 /* Dog-CEO_Challenge.app */,
				22A5FBD62774ADEC00FA3779 /* Dog-CEO_ChallengeTests.xctest */,
				22A5FBE12774ADEC00FA3779 /* Dog-CEO_ChallengeUITests.xctest */,
			);
			name = Products;
			sourceTree = "<group>";
		};
		22A5FBC22774ADEA00FA3779 /* Dog-CEO_Challenge */ = {
			isa = PBXGroup;
			children = (
				22F71B64277B4F8A00D87797 /* Feature1 */,
				22F71B56277A039100D87797 /* Utils */,
				2297B7FA2774FF73003529DC /* Network_UseCase */,
				22A5FBFE2774CD2100FA3779 /* Constants */,
				22A5FBF42774B47E00FA3779 /* DogList */,
				0F1D7DF42777B7DF0080E90E /* DogDetail */,
				22A5FBF32774B46100FA3779 /* Base */,
				22A5FBCC2774ADEC00FA3779 /* Assets.xcassets */,
				22A5FBCE2774ADEC00FA3779 /* LaunchScreen.storyboard */,
				22A5FBD12774ADEC00FA3779 /* Info.plist */,
			);
			path = "Dog-CEO_Challenge";
			sourceTree = "<group>";
		};
		22A5FBD92774ADEC00FA3779 /* Dog-CEO_ChallengeTests */ = {
			isa = PBXGroup;
			children = (
				22F71B5D277A0C1D00D87797 /* Stub */,
				22F71B59277A0AFA00D87797 /* DogList */,
				22F71B60277A361C00D87797 /* DogDetail */,
				22A5FBDC2774ADEC00FA3779 /* Info.plist */,
			);
			path = "Dog-CEO_ChallengeTests";
			sourceTree = "<group>";
		};
		22A5FBE42774ADEC00FA3779 /* Dog-CEO_ChallengeUITests */ = {
			isa = PBXGroup;
			children = (
				22A5FBE52774ADEC00FA3779 /* Dog_CEO_ChallengeUITests.swift */,
				22A5FBE72774ADEC00FA3779 /* Info.plist */,
			);
			path = "Dog-CEO_ChallengeUITests";
			sourceTree = "<group>";
		};
		22A5FBF32774B46100FA3779 /* Base */ = {
			isa = PBXGroup;
			children = (
				22A5FBC52774ADEA00FA3779 /* SceneDelegate.swift */,
				22A5FBC32774ADEA00FA3779 /* AppDelegate.swift */,
			);
			path = Base;
			sourceTree = "<group>";
		};
		22A5FBF42774B47E00FA3779 /* DogList */ = {
			isa = PBXGroup;
			children = (
				2297B8002775064D003529DC /* ViewModel */,
				22A5FC012774D19700FA3779 /* Model */,
				22A5FBF92774B8E200FA3779 /* View */,
			);
			path = DogList;
			sourceTree = "<group>";
		};
		22A5FBF92774B8E200FA3779 /* View */ = {
			isa = PBXGroup;
			children = (
				22A5FC092774DC9100FA3779 /* DogList */,
			);
			path = View;
			sourceTree = "<group>";
		};
		22A5FBFE2774CD2100FA3779 /* Constants */ = {
			isa = PBXGroup;
			children = (
				22A5FBFF2774CD6600FA3779 /* Endpoints.swift */,
			);
			path = Constants;
			sourceTree = "<group>";
		};
		22A5FC012774D19700FA3779 /* Model */ = {
			isa = PBXGroup;
			children = (
				22A5FC022774D22E00FA3779 /* DogModel.swift */,
			);
			path = Model;
			sourceTree = "<group>";
		};
		22A5FC062774D91E00FA3779 /* Constants */ = {
			isa = PBXGroup;
			children = (
				22A5FC072774D92F00FA3779 /* DogListViewControllerConstants.swift */,
			);
			path = Constants;
			sourceTree = "<group>";
		};
		22A5FC092774DC9100FA3779 /* DogList */ = {
			isa = PBXGroup;
			children = (
			);
			path = DogList;
			sourceTree = "<group>";
		};
		22A5FC0A2774DCB400FA3779 /* Cell */ = {
			isa = PBXGroup;
			children = (
				22A5FC0B2774DDB300FA3779 /* DogListTableViewCell.xib */,
				22A5FC0D2774DE4E00FA3779 /* DogListTableViewCell.swift */,
			);
			path = Cell;
			sourceTree = "<group>";
		};
		22F71B4C2779ED7F00D87797 /* Cell */ = {
			isa = PBXGroup;
			children = (
				22F71B502779F72500D87797 /* DetailViewCell.xib */,
				22F71B522779F73C00D87797 /* DetailViewCell.swift */,
			);
			path = Cell;
			sourceTree = "<group>";
		};
		22F71B4D2779F59900D87797 /* ViewModel */ = {
			isa = PBXGroup;
			children = (
				22F71B4E2779F5F500D87797 /* DetailViewModel.swift */,
			);
			path = ViewModel;
			sourceTree = "<group>";
		};
		22F71B56277A039100D87797 /* Utils */ = {
			isa = PBXGroup;
			children = (
				22F71B57277A03AA00D87797 /* UIImageView+Extension.swift */,
				22F71B84277C947900D87797 /* Mapper.swift */,
			);
			path = Utils;
			sourceTree = "<group>";
		};
		22F71B59277A0AFA00D87797 /* DogList */ = {
			isa = PBXGroup;
			children = (
				22F71B5A277A0B1200D87797 /* ViewModel */,
			);
			path = DogList;
			sourceTree = "<group>";
		};
		22F71B5A277A0B1200D87797 /* ViewModel */ = {
			isa = PBXGroup;
			children = (
				22F71B5B277A0B3100D87797 /* DogListViewModelTest.swift */,
			);
			path = ViewModel;
			sourceTree = "<group>";
		};
		22F71B5D277A0C1D00D87797 /* Stub */ = {
			isa = PBXGroup;
			children = (
				22F71B5E277A0C3200D87797 /* StubData.swift */,
			);
			path = Stub;
			sourceTree = "<group>";
		};
		22F71B60277A361C00D87797 /* DogDetail */ = {
			isa = PBXGroup;
			children = (
				22F71B61277A364B00D87797 /* ViewModel */,
			);
			path = DogDetail;
			sourceTree = "<group>";
		};
		22F71B61277A364B00D87797 /* ViewModel */ = {
			isa = PBXGroup;
			children = (
				22F71B62277A4E0F00D87797 /* DetailViewModelTest.swift */,
			);
			path = ViewModel;
			sourceTree = "<group>";
		};
		22F71B64277B4F8A00D87797 /* Feature1 */ = {
			isa = PBXGroup;
			children = (
				22F71B80277BB43F00D87797 /* DI */,
				22F71B6D277B503900D87797 /* Network */,
				22F71B68277B4FEC00D87797 /* Data */,
				22F71B67277B4FC800D87797 /* Domain */,
				22F71B65277B4FB700D87797 /* View */,
			);
			path = Feature1;
			sourceTree = "<group>";
		};
		22F71B65277B4FB700D87797 /* View */ = {
			isa = PBXGroup;
			children = (
				22F71B9A278325F700D87797 /* DogDetail */,
				22F71B88277CEB0F00D87797 /* DogList */,
				22F71B81277BB45400D87797 /* Mapper */,
				22F71B6B277B501100D87797 /* ViewModel */,
			);
			path = View;
			sourceTree = "<group>";
		};
		22F71B67277B4FC800D87797 /* Domain */ = {
			isa = PBXGroup;
			children = (
				22F71B6C277B502700D87797 /* Use Case */,
			);
			path = Domain;
			sourceTree = "<group>";
		};
		22F71B68277B4FEC00D87797 /* Data */ = {
			isa = PBXGroup;
			children = (
				22F71B6E277B505600D87797 /* Repository */,
				22F71B69277B4FFF00D87797 /* Entity */,
			);
			path = Data;
			sourceTree = "<group>";
		};
		22F71B69277B4FFF00D87797 /* Entity */ = {
			isa = PBXGroup;
			children = (
				22F71B6A277B500A00D87797 /* Model */,
			);
			path = Entity;
			sourceTree = "<group>";
		};
		22F71B6A277B500A00D87797 /* Model */ = {
			isa = PBXGroup;
			children = (
				22F71B72277B75B900D87797 /* DogList.swift */,
				22F71B76277B768600D87797 /* ErrorModel.swift */,
				22F71B96278321F000D87797 /* DogDetail.swift */,
			);
			path = Model;
			sourceTree = "<group>";
		};
		22F71B6B277B501100D87797 /* ViewModel */ = {
			isa = PBXGroup;
			children = (
				22F71B7C277B830F00D87797 /* DogNamesViewModel.swift */,
				22F71B982783257B00D87797 /* DogImagesViewModel.swift */,
			);
			path = ViewModel;
			sourceTree = "<group>";
		};
		22F71B6C277B502700D87797 /* Use Case */ = {
			isa = PBXGroup;
			children = (
				22F71B70277B50AB00D87797 /* DogCeoUseCases.swift */,
				22F71B94278320E500D87797 /* DogCeoDetailUseCases.swift */,
			);
			path = "Use Case";
			sourceTree = "<group>";
		};
		22F71B6D277B503900D87797 /* Network */ = {
			isa = PBXGroup;
			children = (
				22F71B78277B799000D87797 /* DogsRestApi.swift */,
				22F71B7A277B79F400D87797 /* DogsAlamofireRestApi.swift */,
			);
			path = Network;
			sourceTree = "<group>";
		};
		22F71B6E277B505600D87797 /* Repository */ = {
			isa = PBXGroup;
			children = (
				22F71B74277B763900D87797 /* DogsRepository.swift */,
				22F71B7E277BAEEB00D87797 /* DogsApiRepository.swift */,
			);
			path = Repository;
			sourceTree = "<group>";
		};
		22F71B80277BB43F00D87797 /* DI */ = {
			isa = PBXGroup;
			children = (
				22F71B86277C9C1E00D87797 /* DogCeoServiceLocator.swift */,
			);
			path = DI;
			sourceTree = "<group>";
		};
		22F71B81277BB45400D87797 /* Mapper */ = {
			isa = PBXGroup;
			children = (
				22F71B82277C925600D87797 /* DogNamesViewModelMapper.swift */,
				22F71B9B278326BC00D87797 /* DogImagesViewModelMapper.swift */,
			);
			path = Mapper;
			sourceTree = "<group>";
		};
		22F71B88277CEB0F00D87797 /* DogList */ = {
			isa = PBXGroup;
			children = (
				22F71B93277DEB0800D87797 /* Resources */,
				22A5FC062774D91E00FA3779 /* Constants */,
				22A5FC0A2774DCB400FA3779 /* Cell */,
				22A5FBFA2774B8F600FA3779 /* DogListViewController.swift */,
				22A5FC042774D7A700FA3779 /* DogListViewController+Extension.swift */,
				22F71B89277CEBD500D87797 /* DogListDataSource.swift */,
				22F71B8B277CEBE300D87797 /* DogListDelegate.swift */,
				22F71B8D277CF2A800D87797 /* DogListViewProtocol.swift */,
				22F71B8F277DDB8100D87797 /* DogListPresenter.swift */,
				22F71B91277DE60800D87797 /* DogListPresenterProtocol.swift */,
			);
			path = DogList;
			sourceTree = "<group>";
		};
		22F71B93277DEB0800D87797 /* Resources */ = {
			isa = PBXGroup;
			children = (
				22A5FBFC2774B94E00FA3779 /* DogListViewController.xib */,
			);
			path = Resources;
			sourceTree = "<group>";
		};
		22F71B9A278325F700D87797 /* DogDetail */ = {
			isa = PBXGroup;
			children = (
				22F71B9D2783285700D87797 /* Resources */,
				0F1D7DF9277965D80080E90E /* Constants */,
				22F71B4C2779ED7F00D87797 /* Cell */,
				0F1D7DF52777B7FF0080E90E /* DetailViewController.swift */,
				22F71B542779F8F500D87797 /* DetailViewController+Extension.swift */,
				22F71B9E278329A900D87797 /* DogDetailPresenterProtocol.swift */,
				22F71BA027832A5000D87797 /* DogDetailPresenter.swift */,
				22F71BA227832C5700D87797 /* DogDetailViewProtocol.swift */,
				2292F3CB27833F5300389B6C /* DogDetailDelegate.swift */,
				2292F3CD2783419500389B6C /* DogDetailDataSource.swift */,
			);
			path = DogDetail;
			sourceTree = "<group>";
		};
		22F71B9D2783285700D87797 /* Resources */ = {
			isa = PBXGroup;
			children = (
				0F1D7DF72777B8290080E90E /* DetailViewController.xib */,
			);
			path = Resources;
			sourceTree = "<group>";
		};
/* End PBXGroup section */

/* Begin PBXNativeTarget section */
		22A5FBBF2774ADEA00FA3779 /* Dog-CEO_Challenge */ = {
			isa = PBXNativeTarget;
			buildConfigurationList = 22A5FBEA2774ADEC00FA3779 /* Build configuration list for PBXNativeTarget "Dog-CEO_Challenge" */;
			buildPhases = (
				22A5FBBC2774ADEA00FA3779 /* Sources */,
				22A5FBBD2774ADEA00FA3779 /* Frameworks */,
				22A5FBBE2774ADEA00FA3779 /* Resources */,
			);
			buildRules = (
			);
			dependencies = (
			);
			name = "Dog-CEO_Challenge";
			packageProductDependencies = (
				2297B7FC27750220003529DC /* Alamofire */,
			);
			productName = "Dog-CEO_Challenge";
			productReference = 22A5FBC02774ADEA00FA3779 /* Dog-CEO_Challenge.app */;
			productType = "com.apple.product-type.application";
		};
		22A5FBD52774ADEC00FA3779 /* Dog-CEO_ChallengeTests */ = {
			isa = PBXNativeTarget;
			buildConfigurationList = 22A5FBED2774ADEC00FA3779 /* Build configuration list for PBXNativeTarget "Dog-CEO_ChallengeTests" */;
			buildPhases = (
				22A5FBD22774ADEC00FA3779 /* Sources */,
				22A5FBD32774ADEC00FA3779 /* Frameworks */,
				22A5FBD42774ADEC00FA3779 /* Resources */,
			);
			buildRules = (
			);
			dependencies = (
				22A5FBD82774ADEC00FA3779 /* PBXTargetDependency */,
			);
			name = "Dog-CEO_ChallengeTests";
			productName = "Dog-CEO_ChallengeTests";
			productReference = 22A5FBD62774ADEC00FA3779 /* Dog-CEO_ChallengeTests.xctest */;
			productType = "com.apple.product-type.bundle.unit-test";
		};
		22A5FBE02774ADEC00FA3779 /* Dog-CEO_ChallengeUITests */ = {
			isa = PBXNativeTarget;
			buildConfigurationList = 22A5FBF02774ADEC00FA3779 /* Build configuration list for PBXNativeTarget "Dog-CEO_ChallengeUITests" */;
			buildPhases = (
				22A5FBDD2774ADEC00FA3779 /* Sources */,
				22A5FBDE2774ADEC00FA3779 /* Frameworks */,
				22A5FBDF2774ADEC00FA3779 /* Resources */,
			);
			buildRules = (
			);
			dependencies = (
				22A5FBE32774ADEC00FA3779 /* PBXTargetDependency */,
			);
			name = "Dog-CEO_ChallengeUITests";
			productName = "Dog-CEO_ChallengeUITests";
			productReference = 22A5FBE12774ADEC00FA3779 /* Dog-CEO_ChallengeUITests.xctest */;
			productType = "com.apple.product-type.bundle.ui-testing";
		};
/* End PBXNativeTarget section */

/* Begin PBXProject section */
		22A5FBB82774ADEA00FA3779 /* Project object */ = {
			isa = PBXProject;
			attributes = {
				LastSwiftUpdateCheck = 1250;
				LastUpgradeCheck = 1250;
				TargetAttributes = {
					22A5FBBF2774ADEA00FA3779 = {
						CreatedOnToolsVersion = 12.5.1;
					};
					22A5FBD52774ADEC00FA3779 = {
						CreatedOnToolsVersion = 12.5.1;
						TestTargetID = 22A5FBBF2774ADEA00FA3779;
					};
					22A5FBE02774ADEC00FA3779 = {
						CreatedOnToolsVersion = 12.5.1;
						TestTargetID = 22A5FBBF2774ADEA00FA3779;
					};
				};
			};
			buildConfigurationList = 22A5FBBB2774ADEA00FA3779 /* Build configuration list for PBXProject "Dog-CEO_Challenge" */;
			compatibilityVersion = "Xcode 9.3";
			developmentRegion = en;
			hasScannedForEncodings = 0;
			knownRegions = (
				en,
				Base,
			);
			mainGroup = 22A5FBB72774ADEA00FA3779;
			packageReferences = (
				2297B7FB27750220003529DC /* XCRemoteSwiftPackageReference "Alamofire" */,
			);
			productRefGroup = 22A5FBC12774ADEA00FA3779 /* Products */;
			projectDirPath = "";
			projectRoot = "";
			targets = (
				22A5FBBF2774ADEA00FA3779 /* Dog-CEO_Challenge */,
				22A5FBD52774ADEC00FA3779 /* Dog-CEO_ChallengeTests */,
				22A5FBE02774ADEC00FA3779 /* Dog-CEO_ChallengeUITests */,
			);
		};
/* End PBXProject section */

/* Begin PBXResourcesBuildPhase section */
		22A5FBBE2774ADEA00FA3779 /* Resources */ = {
			isa = PBXResourcesBuildPhase;
			buildActionMask = 2147483647;
			files = (
				22A5FBD02774ADEC00FA3779 /* LaunchScreen.storyboard in Resources */,
				0F1D7DF82777B8290080E90E /* DetailViewController.xib in Resources */,
				22A5FBCD2774ADEC00FA3779 /* Assets.xcassets in Resources */,
				22F71B512779F72500D87797 /* DetailViewCell.xib in Resources */,
				22A5FC0C2774DDB300FA3779 /* DogListTableViewCell.xib in Resources */,
				22A5FBFD2774B94E00FA3779 /* DogListViewController.xib in Resources */,
			);
			runOnlyForDeploymentPostprocessing = 0;
		};
		22A5FBD42774ADEC00FA3779 /* Resources */ = {
			isa = PBXResourcesBuildPhase;
			buildActionMask = 2147483647;
			files = (
			);
			runOnlyForDeploymentPostprocessing = 0;
		};
		22A5FBDF2774ADEC00FA3779 /* Resources */ = {
			isa = PBXResourcesBuildPhase;
			buildActionMask = 2147483647;
			files = (
			);
			runOnlyForDeploymentPostprocessing = 0;
		};
/* End PBXResourcesBuildPhase section */

/* Begin PBXSourcesBuildPhase section */
		22A5FBBC2774ADEA00FA3779 /* Sources */ = {
			isa = PBXSourcesBuildPhase;
			buildActionMask = 2147483647;
			files = (
				2297B7FF27750241003529DC /* ExternalService.swift in Sources */,
				2292F3CE2783419500389B6C /* DogDetailDataSource.swift in Sources */,
				2297B80227750670003529DC /* DogListViewModel.swift in Sources */,
				22F71B9C278326BC00D87797 /* DogImagesViewModelMapper.swift in Sources */,
				0F1D7DF62777B7FF0080E90E /* DetailViewController.swift in Sources */,
				22A5FC082774D92F00FA3779 /* DogListViewControllerConstants.swift in Sources */,
				22F71B92277DE60800D87797 /* DogListPresenterProtocol.swift in Sources */,
				22F71B95278320E600D87797 /* DogCeoDetailUseCases.swift in Sources */,
				22F71B8C277CEBE300D87797 /* DogListDelegate.swift in Sources */,
				22A5FBC42774ADEA00FA3779 /* AppDelegate.swift in Sources */,
				22F71B79277B799000D87797 /* DogsRestApi.swift in Sources */,
				22F71B85277C947900D87797 /* Mapper.swift in Sources */,
				22A5FC052774D7A700FA3779 /* DogListViewController+Extension.swift in Sources */,
				22F71B8E277CF2A800D87797 /* DogListViewProtocol.swift in Sources */,
				22F71B75277B763900D87797 /* DogsRepository.swift in Sources */,
				0F1D7DFD277966080080E90E /* DetailViewConstants.swift in Sources */,
				22F71B83277C925700D87797 /* DogNamesViewModelMapper.swift in Sources */,
				22F71B97278321F000D87797 /* DogDetail.swift in Sources */,
				22A5FC0E2774DE4E00FA3779 /* DogListTableViewCell.swift in Sources */,
				22F71BA127832A5000D87797 /* DogDetailPresenter.swift in Sources */,
				22F71B4F2779F5F500D87797 /* DetailViewModel.swift in Sources */,
				22F71B77277B768600D87797 /* ErrorModel.swift in Sources */,
				22F71B532779F73C00D87797 /* DetailViewCell.swift in Sources */,
				22F71BA327832C5700D87797 /* DogDetailViewProtocol.swift in Sources */,
				22F71B90277DDB8100D87797 /* DogListPresenter.swift in Sources */,
				22F71B58277A03AA00D87797 /* UIImageView+Extension.swift in Sources */,
				22F71B73277B75B900D87797 /* DogList.swift in Sources */,
				2292F3CC27833F5300389B6C /* DogDetailDelegate.swift in Sources */,
				22F71B9F278329AA00D87797 /* DogDetailPresenterProtocol.swift in Sources */,
				22F71B87277C9C1E00D87797 /* DogCeoServiceLocator.swift in Sources */,
				22F71B71277B50AB00D87797 /* DogCeoUseCases.swift in Sources */,
				22F71B8A277CEBD500D87797 /* DogListDataSource.swift in Sources */,
				22A5FBC62774ADEA00FA3779 /* SceneDelegate.swift in Sources */,
				22A5FBFB2774B8F600FA3779 /* DogListViewController.swift in Sources */,
				22A5FC032774D22E00FA3779 /* DogModel.swift in Sources */,
				22F71B552779F8F500D87797 /* DetailViewController+Extension.swift in Sources */,
				22F71B992783257B00D87797 /* DogImagesViewModel.swift in Sources */,
				22F71B7B277B79F400D87797 /* DogsAlamofireRestApi.swift in Sources */,
				22F71B7F277BAEEB00D87797 /* DogsApiRepository.swift in Sources */,
				22A5FC002774CD6600FA3779 /* Endpoints.swift in Sources */,
				22F71B7D277B830F00D87797 /* DogNamesViewModel.swift in Sources */,
			);
			runOnlyForDeploymentPostprocessing = 0;
		};
		22A5FBD22774ADEC00FA3779 /* Sources */ = {
			isa = PBXSourcesBuildPhase;
			buildActionMask = 2147483647;
			files = (
				22F71B63277A4E0F00D87797 /* DetailViewModelTest.swift in Sources */,
				22F71B5C277A0B3100D87797 /* DogListViewModelTest.swift in Sources */,
				22F71B5F277A0C3200D87797 /* StubData.swift in Sources */,
			);
			runOnlyForDeploymentPostprocessing = 0;
		};
		22A5FBDD2774ADEC00FA3779 /* Sources */ = {
			isa = PBXSourcesBuildPhase;
			buildActionMask = 2147483647;
			files = (
				22A5FBE62774ADEC00FA3779 /* Dog_CEO_ChallengeUITests.swift in Sources */,
			);
			runOnlyForDeploymentPostprocessing = 0;
		};
/* End PBXSourcesBuildPhase section */

/* Begin PBXTargetDependency section */
		22A5FBD82774ADEC00FA3779 /* PBXTargetDependency */ = {
			isa = PBXTargetDependency;
			target = 22A5FBBF2774ADEA00FA3779 /* Dog-CEO_Challenge */;
			targetProxy = 22A5FBD72774ADEC00FA3779 /* PBXContainerItemProxy */;
		};
		22A5FBE32774ADEC00FA3779 /* PBXTargetDependency */ = {
			isa = PBXTargetDependency;
			target = 22A5FBBF2774ADEA00FA3779 /* Dog-CEO_Challenge */;
			targetProxy = 22A5FBE22774ADEC00FA3779 /* PBXContainerItemProxy */;
		};
/* End PBXTargetDependency section */

/* Begin PBXVariantGroup section */
		22A5FBCE2774ADEC00FA3779 /* LaunchScreen.storyboard */ = {
			isa = PBXVariantGroup;
			children = (
				22A5FBCF2774ADEC00FA3779 /* Base */,
			);
			name = LaunchScreen.storyboard;
			sourceTree = "<group>";
		};
/* End PBXVariantGroup section */

/* Begin XCBuildConfiguration section */
		22A5FBE82774ADEC00FA3779 /* Debug */ = {
			isa = XCBuildConfiguration;
			buildSettings = {
				ALWAYS_SEARCH_USER_PATHS = NO;
				CLANG_ANALYZER_NONNULL = YES;
				CLANG_ANALYZER_NUMBER_OBJECT_CONVERSION = YES_AGGRESSIVE;
				CLANG_CXX_LANGUAGE_STANDARD = "gnu++14";
				CLANG_CXX_LIBRARY = "libc++";
				CLANG_ENABLE_MODULES = YES;
				CLANG_ENABLE_OBJC_ARC = YES;
				CLANG_ENABLE_OBJC_WEAK = YES;
				CLANG_WARN_BLOCK_CAPTURE_AUTORELEASING = YES;
				CLANG_WARN_BOOL_CONVERSION = YES;
				CLANG_WARN_COMMA = YES;
				CLANG_WARN_CONSTANT_CONVERSION = YES;
				CLANG_WARN_DEPRECATED_OBJC_IMPLEMENTATIONS = YES;
				CLANG_WARN_DIRECT_OBJC_ISA_USAGE = YES_ERROR;
				CLANG_WARN_DOCUMENTATION_COMMENTS = YES;
				CLANG_WARN_EMPTY_BODY = YES;
				CLANG_WARN_ENUM_CONVERSION = YES;
				CLANG_WARN_INFINITE_RECURSION = YES;
				CLANG_WARN_INT_CONVERSION = YES;
				CLANG_WARN_NON_LITERAL_NULL_CONVERSION = YES;
				CLANG_WARN_OBJC_IMPLICIT_RETAIN_SELF = YES;
				CLANG_WARN_OBJC_LITERAL_CONVERSION = YES;
				CLANG_WARN_OBJC_ROOT_CLASS = YES_ERROR;
				CLANG_WARN_QUOTED_INCLUDE_IN_FRAMEWORK_HEADER = YES;
				CLANG_WARN_RANGE_LOOP_ANALYSIS = YES;
				CLANG_WARN_STRICT_PROTOTYPES = YES;
				CLANG_WARN_SUSPICIOUS_MOVE = YES;
				CLANG_WARN_UNGUARDED_AVAILABILITY = YES_AGGRESSIVE;
				CLANG_WARN_UNREACHABLE_CODE = YES;
				CLANG_WARN__DUPLICATE_METHOD_MATCH = YES;
				COPY_PHASE_STRIP = NO;
				DEBUG_INFORMATION_FORMAT = dwarf;
				ENABLE_STRICT_OBJC_MSGSEND = YES;
				ENABLE_TESTABILITY = YES;
				GCC_C_LANGUAGE_STANDARD = gnu11;
				GCC_DYNAMIC_NO_PIC = NO;
				GCC_NO_COMMON_BLOCKS = YES;
				GCC_OPTIMIZATION_LEVEL = 0;
				GCC_PREPROCESSOR_DEFINITIONS = (
					"DEBUG=1",
					"$(inherited)",
				);
				GCC_WARN_64_TO_32_BIT_CONVERSION = YES;
				GCC_WARN_ABOUT_RETURN_TYPE = YES_ERROR;
				GCC_WARN_UNDECLARED_SELECTOR = YES;
				GCC_WARN_UNINITIALIZED_AUTOS = YES_AGGRESSIVE;
				GCC_WARN_UNUSED_FUNCTION = YES;
				GCC_WARN_UNUSED_VARIABLE = YES;
				IPHONEOS_DEPLOYMENT_TARGET = 14.5;
				MTL_ENABLE_DEBUG_INFO = INCLUDE_SOURCE;
				MTL_FAST_MATH = YES;
				ONLY_ACTIVE_ARCH = YES;
				SDKROOT = iphoneos;
				SWIFT_ACTIVE_COMPILATION_CONDITIONS = DEBUG;
				SWIFT_OPTIMIZATION_LEVEL = "-Onone";
			};
			name = Debug;
		};
		22A5FBE92774ADEC00FA3779 /* Release */ = {
			isa = XCBuildConfiguration;
			buildSettings = {
				ALWAYS_SEARCH_USER_PATHS = NO;
				CLANG_ANALYZER_NONNULL = YES;
				CLANG_ANALYZER_NUMBER_OBJECT_CONVERSION = YES_AGGRESSIVE;
				CLANG_CXX_LANGUAGE_STANDARD = "gnu++14";
				CLANG_CXX_LIBRARY = "libc++";
				CLANG_ENABLE_MODULES = YES;
				CLANG_ENABLE_OBJC_ARC = YES;
				CLANG_ENABLE_OBJC_WEAK = YES;
				CLANG_WARN_BLOCK_CAPTURE_AUTORELEASING = YES;
				CLANG_WARN_BOOL_CONVERSION = YES;
				CLANG_WARN_COMMA = YES;
				CLANG_WARN_CONSTANT_CONVERSION = YES;
				CLANG_WARN_DEPRECATED_OBJC_IMPLEMENTATIONS = YES;
				CLANG_WARN_DIRECT_OBJC_ISA_USAGE = YES_ERROR;
				CLANG_WARN_DOCUMENTATION_COMMENTS = YES;
				CLANG_WARN_EMPTY_BODY = YES;
				CLANG_WARN_ENUM_CONVERSION = YES;
				CLANG_WARN_INFINITE_RECURSION = YES;
				CLANG_WARN_INT_CONVERSION = YES;
				CLANG_WARN_NON_LITERAL_NULL_CONVERSION = YES;
				CLANG_WARN_OBJC_IMPLICIT_RETAIN_SELF = YES;
				CLANG_WARN_OBJC_LITERAL_CONVERSION = YES;
				CLANG_WARN_OBJC_ROOT_CLASS = YES_ERROR;
				CLANG_WARN_QUOTED_INCLUDE_IN_FRAMEWORK_HEADER = YES;
				CLANG_WARN_RANGE_LOOP_ANALYSIS = YES;
				CLANG_WARN_STRICT_PROTOTYPES = YES;
				CLANG_WARN_SUSPICIOUS_MOVE = YES;
				CLANG_WARN_UNGUARDED_AVAILABILITY = YES_AGGRESSIVE;
				CLANG_WARN_UNREACHABLE_CODE = YES;
				CLANG_WARN__DUPLICATE_METHOD_MATCH = YES;
				COPY_PHASE_STRIP = NO;
				DEBUG_INFORMATION_FORMAT = "dwarf-with-dsym";
				ENABLE_NS_ASSERTIONS = NO;
				ENABLE_STRICT_OBJC_MSGSEND = YES;
				GCC_C_LANGUAGE_STANDARD = gnu11;
				GCC_NO_COMMON_BLOCKS = YES;
				GCC_WARN_64_TO_32_BIT_CONVERSION = YES;
				GCC_WARN_ABOUT_RETURN_TYPE = YES_ERROR;
				GCC_WARN_UNDECLARED_SELECTOR = YES;
				GCC_WARN_UNINITIALIZED_AUTOS = YES_AGGRESSIVE;
				GCC_WARN_UNUSED_FUNCTION = YES;
				GCC_WARN_UNUSED_VARIABLE = YES;
				IPHONEOS_DEPLOYMENT_TARGET = 14.5;
				MTL_ENABLE_DEBUG_INFO = NO;
				MTL_FAST_MATH = YES;
				SDKROOT = iphoneos;
				SWIFT_COMPILATION_MODE = wholemodule;
				SWIFT_OPTIMIZATION_LEVEL = "-O";
				VALIDATE_PRODUCT = YES;
			};
			name = Release;
		};
		22A5FBEB2774ADEC00FA3779 /* Debug */ = {
			isa = XCBuildConfiguration;
			buildSettings = {
				ASSETCATALOG_COMPILER_APPICON_NAME = AppIcon;
				ASSETCATALOG_COMPILER_GLOBAL_ACCENT_COLOR_NAME = AccentColor;
				CODE_SIGN_STYLE = Manual;
				DEVELOPMENT_TEAM = "";
				INFOPLIST_FILE = "Dog-CEO_Challenge/Info.plist";
				IPHONEOS_DEPLOYMENT_TARGET = 14.5;
				LD_RUNPATH_SEARCH_PATHS = (
					"$(inherited)",
					"@executable_path/Frameworks",
				);
				PRODUCT_BUNDLE_IDENTIFIER = "com.goto.Dog-CEO-Challenge";
				PRODUCT_NAME = "$(TARGET_NAME)";
				PROVISIONING_PROFILE_SPECIFIER = "";
				SWIFT_VERSION = 5.0;
				TARGETED_DEVICE_FAMILY = 1;
			};
			name = Debug;
		};
		22A5FBEC2774ADEC00FA3779 /* Release */ = {
			isa = XCBuildConfiguration;
			buildSettings = {
				ASSETCATALOG_COMPILER_APPICON_NAME = AppIcon;
				ASSETCATALOG_COMPILER_GLOBAL_ACCENT_COLOR_NAME = AccentColor;
				CODE_SIGN_STYLE = Manual;
				DEVELOPMENT_TEAM = "";
				INFOPLIST_FILE = "Dog-CEO_Challenge/Info.plist";
				IPHONEOS_DEPLOYMENT_TARGET = 14.5;
				LD_RUNPATH_SEARCH_PATHS = (
					"$(inherited)",
					"@executable_path/Frameworks",
				);
				PRODUCT_BUNDLE_IDENTIFIER = "com.goto.Dog-CEO-Challenge";
				PRODUCT_NAME = "$(TARGET_NAME)";
				PROVISIONING_PROFILE_SPECIFIER = "";
				SWIFT_VERSION = 5.0;
				TARGETED_DEVICE_FAMILY = 1;
			};
			name = Release;
		};
		22A5FBEE2774ADEC00FA3779 /* Debug */ = {
			isa = XCBuildConfiguration;
			buildSettings = {
				ALWAYS_EMBED_SWIFT_STANDARD_LIBRARIES = YES;
				BUNDLE_LOADER = "$(TEST_HOST)";
				CODE_SIGN_STYLE = Automatic;
				INFOPLIST_FILE = "Dog-CEO_ChallengeTests/Info.plist";
				IPHONEOS_DEPLOYMENT_TARGET = 14.5;
				LD_RUNPATH_SEARCH_PATHS = (
					"$(inherited)",
					"@executable_path/Frameworks",
					"@loader_path/Frameworks",
				);
				PRODUCT_BUNDLE_IDENTIFIER = "com.goto.Dog-CEO-ChallengeTests";
				PRODUCT_NAME = "$(TARGET_NAME)";
				SWIFT_VERSION = 5.0;
				TARGETED_DEVICE_FAMILY = "1,2";
				TEST_HOST = "$(BUILT_PRODUCTS_DIR)/Dog-CEO_Challenge.app/Dog-CEO_Challenge";
			};
			name = Debug;
		};
		22A5FBEF2774ADEC00FA3779 /* Release */ = {
			isa = XCBuildConfiguration;
			buildSettings = {
				ALWAYS_EMBED_SWIFT_STANDARD_LIBRARIES = YES;
				BUNDLE_LOADER = "$(TEST_HOST)";
				CODE_SIGN_STYLE = Automatic;
				INFOPLIST_FILE = "Dog-CEO_ChallengeTests/Info.plist";
				IPHONEOS_DEPLOYMENT_TARGET = 14.5;
				LD_RUNPATH_SEARCH_PATHS = (
					"$(inherited)",
					"@executable_path/Frameworks",
					"@loader_path/Frameworks",
				);
				PRODUCT_BUNDLE_IDENTIFIER = "com.goto.Dog-CEO-ChallengeTests";
				PRODUCT_NAME = "$(TARGET_NAME)";
				SWIFT_VERSION = 5.0;
				TARGETED_DEVICE_FAMILY = "1,2";
				TEST_HOST = "$(BUILT_PRODUCTS_DIR)/Dog-CEO_Challenge.app/Dog-CEO_Challenge";
			};
			name = Release;
		};
		22A5FBF12774ADEC00FA3779 /* Debug */ = {
			isa = XCBuildConfiguration;
			buildSettings = {
				ALWAYS_EMBED_SWIFT_STANDARD_LIBRARIES = YES;
				CODE_SIGN_STYLE = Automatic;
				INFOPLIST_FILE = "Dog-CEO_ChallengeUITests/Info.plist";
				LD_RUNPATH_SEARCH_PATHS = (
					"$(inherited)",
					"@executable_path/Frameworks",
					"@loader_path/Frameworks",
				);
				PRODUCT_BUNDLE_IDENTIFIER = "com.goto.Dog-CEO-ChallengeUITests";
				PRODUCT_NAME = "$(TARGET_NAME)";
				SWIFT_VERSION = 5.0;
				TARGETED_DEVICE_FAMILY = "1,2";
				TEST_TARGET_NAME = "Dog-CEO_Challenge";
			};
			name = Debug;
		};
		22A5FBF22774ADEC00FA3779 /* Release */ = {
			isa = XCBuildConfiguration;
			buildSettings = {
				ALWAYS_EMBED_SWIFT_STANDARD_LIBRARIES = YES;
				CODE_SIGN_STYLE = Automatic;
				INFOPLIST_FILE = "Dog-CEO_ChallengeUITests/Info.plist";
				LD_RUNPATH_SEARCH_PATHS = (
					"$(inherited)",
					"@executable_path/Frameworks",
					"@loader_path/Frameworks",
				);
				PRODUCT_BUNDLE_IDENTIFIER = "com.goto.Dog-CEO-ChallengeUITests";
				PRODUCT_NAME = "$(TARGET_NAME)";
				SWIFT_VERSION = 5.0;
				TARGETED_DEVICE_FAMILY = "1,2";
				TEST_TARGET_NAME = "Dog-CEO_Challenge";
			};
			name = Release;
		};
/* End XCBuildConfiguration section */

/* Begin XCConfigurationList section */
		22A5FBBB2774ADEA00FA3779 /* Build configuration list for PBXProject "Dog-CEO_Challenge" */ = {
			isa = XCConfigurationList;
			buildConfigurations = (
				22A5FBE82774ADEC00FA3779 /* Debug */,
				22A5FBE92774ADEC00FA3779 /* Release */,
			);
			defaultConfigurationIsVisible = 0;
			defaultConfigurationName = Release;
		};
		22A5FBEA2774ADEC00FA3779 /* Build configuration list for PBXNativeTarget "Dog-CEO_Challenge" */ = {
			isa = XCConfigurationList;
			buildConfigurations = (
				22A5FBEB2774ADEC00FA3779 /* Debug */,
				22A5FBEC2774ADEC00FA3779 /* Release */,
			);
			defaultConfigurationIsVisible = 0;
			defaultConfigurationName = Release;
		};
		22A5FBED2774ADEC00FA3779 /* Build configuration list for PBXNativeTarget "Dog-CEO_ChallengeTests" */ = {
			isa = XCConfigurationList;
			buildConfigurations = (
				22A5FBEE2774ADEC00FA3779 /* Debug */,
				22A5FBEF2774ADEC00FA3779 /* Release */,
			);
			defaultConfigurationIsVisible = 0;
			defaultConfigurationName = Release;
		};
		22A5FBF02774ADEC00FA3779 /* Build configuration list for PBXNativeTarget "Dog-CEO_ChallengeUITests" */ = {
			isa = XCConfigurationList;
			buildConfigurations = (
				22A5FBF12774ADEC00FA3779 /* Debug */,
				22A5FBF22774ADEC00FA3779 /* Release */,
			);
			defaultConfigurationIsVisible = 0;
			defaultConfigurationName = Release;
		};
/* End XCConfigurationList section */

/* Begin XCRemoteSwiftPackageReference section */
		2297B7FB27750220003529DC /* XCRemoteSwiftPackageReference "Alamofire" */ = {
			isa = XCRemoteSwiftPackageReference;
			repositoryURL = "https://github.com/Alamofire/Alamofire";
			requirement = {
				kind = upToNextMajorVersion;
				minimumVersion = 4.0.0;
			};
		};
/* End XCRemoteSwiftPackageReference section */

/* Begin XCSwiftPackageProductDependency section */
		2297B7FC27750220003529DC /* Alamofire */ = {
			isa = XCSwiftPackageProductDependency;
			package = 2297B7FB27750220003529DC /* XCRemoteSwiftPackageReference "Alamofire" */;
			productName = Alamofire;
		};
/* End XCSwiftPackageProductDependency section */
	};
	rootObject = 22A5FBB82774ADEA00FA3779 /* Project object */;
}
